
Microsoft Visual Studio Solution File, Format Version 12.00
# Visual Studio Version 17
VisualStudioVersion = 17.0.31903.59
MinimumVisualStudioVersion = 10.0.40219.1
Project("{2150E333-8FDC-42A3-9474-1A3956D46DE8}") = "src", "src", "{1AF46F6B-05D6-4758-9F7D-6BDA13438621}"
EndProject
Project("{FAE04EC0-301F-11D3-BF4B-00C04F79EFBC}") = "Northwind.ApplicationCore", "src\Northwind.ApplicationCore\Northwind.ApplicationCore.csproj", "{B2BAF55E-8909-49E4-8899-096701DF6861}"
EndProject
Project("{FAE04EC0-301F-11D3-BF4B-00C04F79EFBC}") = "Northwind.Infrastructure", "src\Northwind.Infrastructure\Northwind.Infrastructure.csproj", "{1A852B3A-14C3-4D47-85C7-838BBC265D08}"
EndProject
Project("{FAE04EC0-301F-11D3-BF4B-00C04F79EFBC}") = "Northwind.Api", "src\Northwind.Api\Northwind.Api.csproj", "{D55D0609-B45D-4289-87B2-7D642EAEA44B}"
EndProject
Global
	GlobalSection(SolutionConfigurationPlatforms) = preSolution
		Debug|Any CPU = Debug|Any CPU
		Release|Any CPU = Release|Any CPU
	EndGlobalSection
	GlobalSection(SolutionProperties) = preSolution
		HideSolutionNode = FALSE
	EndGlobalSection
	GlobalSection(ProjectConfigurationPlatforms) = postSolution
		{B2BAF55E-8909-49E4-8899-096701DF6861}.Debug|Any CPU.ActiveCfg = Debug|Any CPU
		{B2BAF55E-8909-49E4-8899-096701DF6861}.Debug|Any CPU.Build.0 = Debug|Any CPU
		{B2BAF55E-8909-49E4-8899-096701DF6861}.Release|Any CPU.ActiveCfg = Release|Any CPU
		{B2BAF55E-8909-49E4-8899-096701DF6861}.Release|Any CPU.Build.0 = Release|Any CPU
		{1A852B3A-14C3-4D47-85C7-838BBC265D08}.Debug|Any CPU.ActiveCfg = Debug|Any CPU
		{1A852B3A-14C3-4D47-85C7-838BBC265D08}.Debug|Any CPU.Build.0 = Debug|Any CPU
		{1A852B3A-14C3-4D47-85C7-838BBC265D08}.Release|Any CPU.ActiveCfg = Release|Any CPU
		{1A852B3A-14C3-4D47-85C7-838BBC265D08}.Release|Any CPU.Build.0 = Release|Any CPU
		{D55D0609-B45D-4289-87B2-7D642EAEA44B}.Debug|Any CPU.ActiveCfg = Debug|Any CPU
		{D55D0609-B45D-4289-87B2-7D642EAEA44B}.Debug|Any CPU.Build.0 = Debug|Any CPU
		{D55D0609-B45D-4289-87B2-7D642EAEA44B}.Release|Any CPU.ActiveCfg = Release|Any CPU
		{D55D0609-B45D-4289-87B2-7D642EAEA44B}.Release|Any CPU.Build.0 = Release|Any CPU
	EndGlobalSection
	GlobalSection(NestedProjects) = preSolution
		{B2BAF55E-8909-49E4-8899-096701DF6861} = {1AF46F6B-05D6-4758-9F7D-6BDA13438621}
		{1A852B3A-14C3-4D47-85C7-838BBC265D08} = {1AF46F6B-05D6-4758-9F7D-6BDA13438621}
		{D55D0609-B45D-4289-87B2-7D642EAEA44B} = {1AF46F6B-05D6-4758-9F7D-6BDA13438621}
	EndGlobalSection
EndGlobal
